
Microsoft Visual Studio Solution File, Format Version 12.00
# Visual Studio Version 17
VisualStudioVersion = 17.9.34616.47
MinimumVisualStudioVersion = 10.0.40219.1
Project("{FAE04EC0-301F-11D3-BF4B-00C04F79EFBC}") = "LopushokWpf", "LopushokWpf\LopushokWpf.csproj", "{13207B68-168A-4F4C-BF03-10225F10C7D8}"
EndProject
Project("{FAE04EC0-301F-11D3-BF4B-00C04F79EFBC}") = "WSUniversalLib", "WSUniversalLib\WSUniversalLib.csproj", "{D8A9C7EF-E914-4E40-A876-D8A30D169535}"
EndProject
Global
	GlobalSection(SolutionConfigurationPlatforms) = preSolution
		Debug|Any CPU = Debug|Any CPU
		Release|Any CPU = Release|Any CPU
	EndGlobalSection
	GlobalSection(ProjectConfigurationPlatforms) = postSolution
		{13207B68-168A-4F4C-BF03-10225F10C7D8}.Debug|Any CPU.ActiveCfg = Debug|Any CPU
		{13207B68-168A-4F4C-BF03-10225F10C7D8}.Debug|Any CPU.Build.0 = Debug|Any CPU
		{13207B68-168A-4F4C-BF03-10225F10C7D8}.Release|Any CPU.ActiveCfg = Release|Any CPU
		{13207B68-168A-4F4C-BF03-10225F10C7D8}.Release|Any CPU.Build.0 = Release|Any CPU
		{D8A9C7EF-E914-4E40-A876-D8A30D169535}.Debug|Any CPU.ActiveCfg = Debug|Any CPU
		{D8A9C7EF-E914-4E40-A876-D8A30D169535}.Debug|Any CPU.Build.0 = Debug|Any CPU
		{D8A9C7EF-E914-4E40-A876-D8A30D169535}.Release|Any CPU.ActiveCfg = Release|Any CPU
		{D8A9C7EF-E914-4E40-A876-D8A30D169535}.Release|Any CPU.Build.0 = Release|Any CPU
	EndGlobalSection
	GlobalSection(SolutionProperties) = preSolution
		HideSolutionNode = FALSE
	EndGlobalSection
	GlobalSection(ExtensibilityGlobals) = postSolution
		SolutionGuid = {F0C3DB34-C627-4520-80AC-88D5CFB660F9}
	EndGlobalSection
EndGlobal
